
Microsoft Visual Studio Solution File, Format Version 12.00
# Visual Studio Version 17
VisualStudioVersion = 17.6.33712.159
MinimumVisualStudioVersion = 10.0.40219.1
Project("{888888A0-9F3D-457C-B088-3A5042F75D52}") = "Sudoku", "Sudoku\Sudoku.pyproj", "{B5115ECC-DD04-4CB3-A5BF-DB9BE0396434}"
EndProject
Global
	GlobalSection(SolutionConfigurationPlatforms) = preSolution
		Debug|Any CPU = Debug|Any CPU
		Release|Any CPU = Release|Any CPU
	EndGlobalSection
	GlobalSection(ProjectConfigurationPlatforms) = postSolution
		{B5115ECC-DD04-4CB3-A5BF-DB9BE0396434}.Debug|Any CPU.ActiveCfg = Debug|Any CPU
		{B5115ECC-DD04-4CB3-A5BF-DB9BE0396434}.Release|Any CPU.ActiveCfg = Release|Any CPU
	EndGlobalSection
	GlobalSection(SolutionProperties) = preSolution
		HideSolutionNode = FALSE
	EndGlobalSection
	GlobalSection(ExtensibilityGlobals) = postSolution
		SolutionGuid = {DD1A5603-1F6D-41A7-A7BD-7D892848461F}
	EndGlobalSection
EndGlobal
